// !$*UTF8*$!
{
	archiveVersion = 1;
	classes = {
	};
	objectVersion = 56;
	objects = {

/* Begin PBXBuildFile section */
		3DA2E3512B703889009B01A2 /* AddJobView.swift in Sources */ = {isa = PBXBuildFile; fileRef = 3DA2E3502B703889009B01A2 /* AddJobView.swift */; };
		3DA44CE82B719BAE00252340 /* AddJobViewModel.swift in Sources */ = {isa = PBXBuildFile; fileRef = 3DA44CE72B719BAE00252340 /* AddJobViewModel.swift */; };
		3DA44CED2B76D19900252340 /* JobModel.swift in Sources */ = {isa = PBXBuildFile; fileRef = 3DA44CEC2B76D19900252340 /* JobModel.swift */; };
		3DA44CEF2B78201000252340 /* UpdateJobView.swift in Sources */ = {isa = PBXBuildFile; fileRef = 3DA44CEE2B78201000252340 /* UpdateJobView.swift */; };
		3DC4CF472B6C596200848B36 /* TimeChiselApp.swift in Sources */ = {isa = PBXBuildFile; fileRef = 3DC4CF462B6C596200848B36 /* TimeChiselApp.swift */; };
		3DC4CF4B2B6C596300848B36 /* Assets.xcassets in Resources */ = {isa = PBXBuildFile; fileRef = 3DC4CF4A2B6C596300848B36 /* Assets.xcassets */; };
		3DC4CF4E2B6C596300848B36 /* Preview Assets.xcassets in Resources */ = {isa = PBXBuildFile; fileRef = 3DC4CF4D2B6C596300848B36 /* Preview Assets.xcassets */; };
		3DC4CF562B6C5C9400848B36 /* .gitignore in Resources */ = {isa = PBXBuildFile; fileRef = 3DC4CF552B6C5C9400848B36 /* .gitignore */; };
		3DC4CF622B6C603900848B36 /* SettingsView.swift in Sources */ = {isa = PBXBuildFile; fileRef = 3DC4CF612B6C603900848B36 /* SettingsView.swift */; };
		3DC4CF642B6C605B00848B36 /* ExportView.swift in Sources */ = {isa = PBXBuildFile; fileRef = 3DC4CF632B6C605B00848B36 /* ExportView.swift */; };
		3DC4CF662B6C606F00848B36 /* HistoryView.swift in Sources */ = {isa = PBXBuildFile; fileRef = 3DC4CF652B6C606F00848B36 /* HistoryView.swift */; };
		3DC4CF682B6C608400848B36 /* TimeTrackingView.swift in Sources */ = {isa = PBXBuildFile; fileRef = 3DC4CF672B6C608400848B36 /* TimeTrackingView.swift */; };
		3DC4CF6C2B6D997D00848B36 /* MainView.swift in Sources */ = {isa = PBXBuildFile; fileRef = 3DC4CF6B2B6D997D00848B36 /* MainView.swift */; };
		3DC4CF732B6DA4C900848B36 /* JobsView.swift in Sources */ = {isa = PBXBuildFile; fileRef = 3DC4CF722B6DA4C900848B36 /* JobsView.swift */; };
/* End PBXBuildFile section */

/* Begin PBXFileReference section */
		3DA2E3502B703889009B01A2 /* AddJobView.swift */ = {isa = PBXFileReference; lastKnownFileType = sourcecode.swift; path = AddJobView.swift; sourceTree = "<group>"; };
		3DA44CE72B719BAE00252340 /* AddJobViewModel.swift */ = {isa = PBXFileReference; lastKnownFileType = sourcecode.swift; path = AddJobViewModel.swift; sourceTree = "<group>"; };
		3DA44CEC2B76D19900252340 /* JobModel.swift */ = {isa = PBXFileReference; lastKnownFileType = sourcecode.swift; path = JobModel.swift; sourceTree = "<group>"; };
		3DA44CEE2B78201000252340 /* UpdateJobView.swift */ = {isa = PBXFileReference; lastKnownFileType = sourcecode.swift; path = UpdateJobView.swift; sourceTree = "<group>"; };
		3DC4CF432B6C596200848B36 /* TimeChisel.app */ = {isa = PBXFileReference; explicitFileType = wrapper.application; includeInIndex = 0; path = TimeChisel.app; sourceTree = BUILT_PRODUCTS_DIR; };
		3DC4CF462B6C596200848B36 /* TimeChiselApp.swift */ = {isa = PBXFileReference; lastKnownFileType = sourcecode.swift; path = TimeChiselApp.swift; sourceTree = "<group>"; };
		3DC4CF4A2B6C596300848B36 /* Assets.xcassets */ = {isa = PBXFileReference; lastKnownFileType = folder.assetcatalog; path = Assets.xcassets; sourceTree = "<group>"; };
		3DC4CF4D2B6C596300848B36 /* Preview Assets.xcassets */ = {isa = PBXFileReference; lastKnownFileType = folder.assetcatalog; path = "Preview Assets.xcassets"; sourceTree = "<group>"; };
		3DC4CF552B6C5C9400848B36 /* .gitignore */ = {isa = PBXFileReference; lastKnownFileType = text; path = .gitignore; sourceTree = "<group>"; };
		3DC4CF572B6C5CB800848B36 /* README.md */ = {isa = PBXFileReference; lastKnownFileType = net.daringfireball.markdown; path = README.md; sourceTree = "<group>"; };
		3DC4CF612B6C603900848B36 /* SettingsView.swift */ = {isa = PBXFileReference; lastKnownFileType = sourcecode.swift; path = SettingsView.swift; sourceTree = "<group>"; };
		3DC4CF632B6C605B00848B36 /* ExportView.swift */ = {isa = PBXFileReference; lastKnownFileType = sourcecode.swift; path = ExportView.swift; sourceTree = "<group>"; };
		3DC4CF652B6C606F00848B36 /* HistoryView.swift */ = {isa = PBXFileReference; lastKnownFileType = sourcecode.swift; path = HistoryView.swift; sourceTree = "<group>"; };
		3DC4CF672B6C608400848B36 /* TimeTrackingView.swift */ = {isa = PBXFileReference; lastKnownFileType = sourcecode.swift; path = TimeTrackingView.swift; sourceTree = "<group>"; };
		3DC4CF6B2B6D997D00848B36 /* MainView.swift */ = {isa = PBXFileReference; lastKnownFileType = sourcecode.swift; path = MainView.swift; sourceTree = "<group>"; };
		3DC4CF722B6DA4C900848B36 /* JobsView.swift */ = {isa = PBXFileReference; lastKnownFileType = sourcecode.swift; path = JobsView.swift; sourceTree = "<group>"; };
/* End PBXFileReference section */

/* Begin PBXFrameworksBuildPhase section */
		3DC4CF402B6C596200848B36 /* Frameworks */ = {
			isa = PBXFrameworksBuildPhase;
			buildActionMask = 2147483647;
			files = (
			);
			runOnlyForDeploymentPostprocessing = 0;
		};
/* End PBXFrameworksBuildPhase section */

/* Begin PBXGroup section */
		3DA2E34F2B703871009B01A2 /* Components */ = {
			isa = PBXGroup;
			children = (
				3DA44CE62B71969700252340 /* AddJob */,
				3DA44CEE2B78201000252340 /* UpdateJobView.swift */,
			);
			path = Components;
			sourceTree = "<group>";
		};
		3DA44CE62B71969700252340 /* AddJob */ = {
			isa = PBXGroup;
			children = (
				3DA2E3502B703889009B01A2 /* AddJobView.swift */,
				3DA44CE72B719BAE00252340 /* AddJobViewModel.swift */,
			);
			path = AddJob;
			sourceTree = "<group>";
		};
		3DA44CF02B78291800252340 /* Models */ = {
			isa = PBXGroup;
			children = (
				3DA44CEC2B76D19900252340 /* JobModel.swift */,
			);
			path = Models;
			sourceTree = "<group>";
		};
		3DC4CF3A2B6C596200848B36 = {
			isa = PBXGroup;
			children = (
				3DC4CF572B6C5CB800848B36 /* README.md */,
				3DC4CF552B6C5C9400848B36 /* .gitignore */,
				3DC4CF452B6C596200848B36 /* TimeChisel */,
				3DC4CF442B6C596200848B36 /* Products */,
			);
			sourceTree = "<group>";
		};
		3DC4CF442B6C596200848B36 /* Products */ = {
			isa = PBXGroup;
			children = (
				3DC4CF432B6C596200848B36 /* TimeChisel.app */,
			);
			name = Products;
			sourceTree = "<group>";
		};
		3DC4CF452B6C596200848B36 /* TimeChisel */ = {
			isa = PBXGroup;
			children = (
				3DC4CF5A2B6C5E0700848B36 /* Components */,
				3DC4CF592B6C5DDC00848B36 /* Utilities */,
				3DC4CF582B6C5DC700848B36 /* Features */,
				3DC4CF5B2B6C5E6700848B36 /* Main */,
				3DC4CF462B6C596200848B36 /* TimeChiselApp.swift */,
				3DC4CF4A2B6C596300848B36 /* Assets.xcassets */,
				3DC4CF4C2B6C596300848B36 /* Preview Content */,
			);
			path = TimeChisel;
			sourceTree = "<group>";
		};
		3DC4CF4C2B6C596300848B36 /* Preview Content */ = {
			isa = PBXGroup;
			children = (
				3DC4CF4D2B6C596300848B36 /* Preview Assets.xcassets */,
			);
			path = "Preview Content";
			sourceTree = "<group>";
		};
		3DC4CF582B6C5DC700848B36 /* Features */ = {
			isa = PBXGroup;
			children = (
				3DC4CF712B6DA4A600848B36 /* Jobs */,
				3DC4CF5F2B6C5F8600848B36 /* TimeTracking */,
				3DC4CF5E2B6C5F7600848B36 /* History */,
				3DC4CF5D2B6C5F6D00848B36 /* Export */,
				3DC4CF5C2B6C5F3E00848B36 /* Settings */,
			);
			path = Features;
			sourceTree = "<group>";
		};
		3DC4CF592B6C5DDC00848B36 /* Utilities */ = {
			isa = PBXGroup;
			children = (
			);
			path = Utilities;
			sourceTree = "<group>";
		};
		3DC4CF5A2B6C5E0700848B36 /* Components */ = {
			isa = PBXGroup;
			children = (
			);
			path = Components;
			sourceTree = "<group>";
		};
		3DC4CF5B2B6C5E6700848B36 /* Main */ = {
			isa = PBXGroup;
			children = (
				3DC4CF6B2B6D997D00848B36 /* MainView.swift */,
			);
			path = Main;
			sourceTree = "<group>";
		};
		3DC4CF5C2B6C5F3E00848B36 /* Settings */ = {
			isa = PBXGroup;
			children = (
				3DC4CF612B6C603900848B36 /* SettingsView.swift */,
			);
			path = Settings;
			sourceTree = "<group>";
		};
		3DC4CF5D2B6C5F6D00848B36 /* Export */ = {
			isa = PBXGroup;
			children = (
				3DC4CF632B6C605B00848B36 /* ExportView.swift */,
			);
			path = Export;
			sourceTree = "<group>";
		};
		3DC4CF5E2B6C5F7600848B36 /* History */ = {
			isa = PBXGroup;
			children = (
				3DC4CF652B6C606F00848B36 /* HistoryView.swift */,
			);
			path = History;
			sourceTree = "<group>";
		};
		3DC4CF5F2B6C5F8600848B36 /* TimeTracking */ = {
			isa = PBXGroup;
			children = (
				3DC4CF672B6C608400848B36 /* TimeTrackingView.swift */,
			);
			path = TimeTracking;
			sourceTree = "<group>";
		};
		3DC4CF712B6DA4A600848B36 /* Jobs */ = {
			isa = PBXGroup;
			children = (
				3DA44CF02B78291800252340 /* Models */,
				3DA2E34F2B703871009B01A2 /* Components */,
				3DC4CF722B6DA4C900848B36 /* JobsView.swift */,
			);
			path = Jobs;
			sourceTree = "<group>";
		};
/* End PBXGroup section */

/* Begin PBXNativeTarget section */
		3DC4CF422B6C596200848B36 /* TimeChisel */ = {
			isa = PBXNativeTarget;
			buildConfigurationList = 3DC4CF512B6C596300848B36 /* Build configuration list for PBXNativeTarget "TimeChisel" */;
			buildPhases = (
				3DC4CF3F2B6C596200848B36 /* Sources */,
				3DC4CF402B6C596200848B36 /* Frameworks */,
				3DC4CF412B6C596200848B36 /* Resources */,
			);
			buildRules = (
			);
			dependencies = (
			);
			name = TimeChisel;
			productName = TimeChisel;
			productReference = 3DC4CF432B6C596200848B36 /* TimeChisel.app */;
			productType = "com.apple.product-type.application";
		};
/* End PBXNativeTarget section */

/* Begin PBXProject section */
		3DC4CF3B2B6C596200848B36 /* Project object */ = {
			isa = PBXProject;
			attributes = {
				BuildIndependentTargetsInParallel = 1;
				LastSwiftUpdateCheck = 1520;
				LastUpgradeCheck = 1520;
				TargetAttributes = {
					3DC4CF422B6C596200848B36 = {
						CreatedOnToolsVersion = 15.2;
					};
				};
			};
			buildConfigurationList = 3DC4CF3E2B6C596200848B36 /* Build configuration list for PBXProject "TimeChisel" */;
			compatibilityVersion = "Xcode 14.0";
			developmentRegion = en;
			hasScannedForEncodings = 0;
			knownRegions = (
				en,
				Base,
			);
			mainGroup = 3DC4CF3A2B6C596200848B36;
			productRefGroup = 3DC4CF442B6C596200848B36 /* Products */;
			projectDirPath = "";
			projectRoot = "";
			targets = (
				3DC4CF422B6C596200848B36 /* TimeChisel */,
			);
		};
/* End PBXProject section */

/* Begin PBXResourcesBuildPhase section */
		3DC4CF412B6C596200848B36 /* Resources */ = {
			isa = PBXResourcesBuildPhase;
			buildActionMask = 2147483647;
			files = (
				3DC4CF4E2B6C596300848B36 /* Preview Assets.xcassets in Resources */,
				3DC4CF562B6C5C9400848B36 /* .gitignore in Resources */,
				3DC4CF4B2B6C596300848B36 /* Assets.xcassets in Resources */,
			);
			runOnlyForDeploymentPostprocessing = 0;
		};
/* End PBXResourcesBuildPhase section */

/* Begin PBXSourcesBuildPhase section */
		3DC4CF3F2B6C596200848B36 /* Sources */ = {
			isa = PBXSourcesBuildPhase;
			buildActionMask = 2147483647;
			files = (
				3DC4CF642B6C605B00848B36 /* ExportView.swift in Sources */,
				3DA44CED2B76D19900252340 /* JobModel.swift in Sources */,
				3DC4CF6C2B6D997D00848B36 /* MainView.swift in Sources */,
				3DA44CE82B719BAE00252340 /* AddJobViewModel.swift in Sources */,
				3DA2E3512B703889009B01A2 /* AddJobView.swift in Sources */,
				3DA44CEF2B78201000252340 /* UpdateJobView.swift in Sources */,
				3DC4CF732B6DA4C900848B36 /* JobsView.swift in Sources */,
				3DC4CF622B6C603900848B36 /* SettingsView.swift in Sources */,
				3DC4CF682B6C608400848B36 /* TimeTrackingView.swift in Sources */,
				3DC4CF662B6C606F00848B36 /* HistoryView.swift in Sources */,
				3DC4CF472B6C596200848B36 /* TimeChiselApp.swift in Sources */,
			);
			runOnlyForDeploymentPostprocessing = 0;
		};
/* End PBXSourcesBuildPhase section */

/* Begin XCBuildConfiguration section */
		3DC4CF4F2B6C596300848B36 /* Debug */ = {
			isa = XCBuildConfiguration;
			buildSettings = {
				ALWAYS_SEARCH_USER_PATHS = NO;
				ASSETCATALOG_COMPILER_GENERATE_SWIFT_ASSET_SYMBOL_EXTENSIONS = YES;
				CLANG_ANALYZER_NONNULL = YES;
				CLANG_ANALYZER_NUMBER_OBJECT_CONVERSION = YES_AGGRESSIVE;
				CLANG_CXX_LANGUAGE_STANDARD = "gnu++20";
				CLANG_ENABLE_MODULES = YES;
				CLANG_ENABLE_OBJC_ARC = YES;
				CLANG_ENABLE_OBJC_WEAK = YES;
				CLANG_WARN_BLOCK_CAPTURE_AUTORELEASING = YES;
				CLANG_WARN_BOOL_CONVERSION = YES;
				CLANG_WARN_COMMA = YES;
				CLANG_WARN_CONSTANT_CONVERSION = YES;
				CLANG_WARN_DEPRECATED_OBJC_IMPLEMENTATIONS = YES;
				CLANG_WARN_DIRECT_OBJC_ISA_USAGE = YES_ERROR;
				CLANG_WARN_DOCUMENTATION_COMMENTS = YES;
				CLANG_WARN_EMPTY_BODY = YES;
				CLANG_WARN_ENUM_CONVERSION = YES;
				CLANG_WARN_INFINITE_RECURSION = YES;
				CLANG_WARN_INT_CONVERSION = YES;
				CLANG_WARN_NON_LITERAL_NULL_CONVERSION = YES;
				CLANG_WARN_OBJC_IMPLICIT_RETAIN_SELF = YES;
				CLANG_WARN_OBJC_LITERAL_CONVERSION = YES;
				CLANG_WARN_OBJC_ROOT_CLASS = YES_ERROR;
				CLANG_WARN_QUOTED_INCLUDE_IN_FRAMEWORK_HEADER = YES;
				CLANG_WARN_RANGE_LOOP_ANALYSIS = YES;
				CLANG_WARN_STRICT_PROTOTYPES = YES;
				CLANG_WARN_SUSPICIOUS_MOVE = YES;
				CLANG_WARN_UNGUARDED_AVAILABILITY = YES_AGGRESSIVE;
				CLANG_WARN_UNREACHABLE_CODE = YES;
				CLANG_WARN__DUPLICATE_METHOD_MATCH = YES;
				COPY_PHASE_STRIP = NO;
				DEBUG_INFORMATION_FORMAT = dwarf;
				ENABLE_STRICT_OBJC_MSGSEND = YES;
				ENABLE_TESTABILITY = YES;
				ENABLE_USER_SCRIPT_SANDBOXING = YES;
				GCC_C_LANGUAGE_STANDARD = gnu17;
				GCC_DYNAMIC_NO_PIC = NO;
				GCC_NO_COMMON_BLOCKS = YES;
				GCC_OPTIMIZATION_LEVEL = 0;
				GCC_PREPROCESSOR_DEFINITIONS = (
					"DEBUG=1",
					"$(inherited)",
				);
				GCC_WARN_64_TO_32_BIT_CONVERSION = YES;
				GCC_WARN_ABOUT_RETURN_TYPE = YES_ERROR;
				GCC_WARN_UNDECLARED_SELECTOR = YES;
				GCC_WARN_UNINITIALIZED_AUTOS = YES_AGGRESSIVE;
				GCC_WARN_UNUSED_FUNCTION = YES;
				GCC_WARN_UNUSED_VARIABLE = YES;
				IPHONEOS_DEPLOYMENT_TARGET = 17.2;
				LOCALIZATION_PREFERS_STRING_CATALOGS = YES;
				MTL_ENABLE_DEBUG_INFO = INCLUDE_SOURCE;
				MTL_FAST_MATH = YES;
				ONLY_ACTIVE_ARCH = YES;
				SDKROOT = iphoneos;
				SWIFT_ACTIVE_COMPILATION_CONDITIONS = "DEBUG $(inherited)";
				SWIFT_OPTIMIZATION_LEVEL = "-Onone";
			};
			name = Debug;
		};
		3DC4CF502B6C596300848B36 /* Release */ = {
			isa = XCBuildConfiguration;
			buildSettings = {
				ALWAYS_SEARCH_USER_PATHS = NO;
				ASSETCATALOG_COMPILER_GENERATE_SWIFT_ASSET_SYMBOL_EXTENSIONS = YES;
				CLANG_ANALYZER_NONNULL = YES;
				CLANG_ANALYZER_NUMBER_OBJECT_CONVERSION = YES_AGGRESSIVE;
				CLANG_CXX_LANGUAGE_STANDARD = "gnu++20";
				CLANG_ENABLE_MODULES = YES;
				CLANG_ENABLE_OBJC_ARC = YES;
				CLANG_ENABLE_OBJC_WEAK = YES;
				CLANG_WARN_BLOCK_CAPTURE_AUTORELEASING = YES;
				CLANG_WARN_BOOL_CONVERSION = YES;
				CLANG_WARN_COMMA = YES;
				CLANG_WARN_CONSTANT_CONVERSION = YES;
				CLANG_WARN_DEPRECATED_OBJC_IMPLEMENTATIONS = YES;
				CLANG_WARN_DIRECT_OBJC_ISA_USAGE = YES_ERROR;
				CLANG_WARN_DOCUMENTATION_COMMENTS = YES;
				CLANG_WARN_EMPTY_BODY = YES;
				CLANG_WARN_ENUM_CONVERSION = YES;
				CLANG_WARN_INFINITE_RECURSION = YES;
				CLANG_WARN_INT_CONVERSION = YES;
				CLANG_WARN_NON_LITERAL_NULL_CONVERSION = YES;
				CLANG_WARN_OBJC_IMPLICIT_RETAIN_SELF = YES;
				CLANG_WARN_OBJC_LITERAL_CONVERSION = YES;
				CLANG_WARN_OBJC_ROOT_CLASS = YES_ERROR;
				CLANG_WARN_QUOTED_INCLUDE_IN_FRAMEWORK_HEADER = YES;
				CLANG_WARN_RANGE_LOOP_ANALYSIS = YES;
				CLANG_WARN_STRICT_PROTOTYPES = YES;
				CLANG_WARN_SUSPICIOUS_MOVE = YES;
				CLANG_WARN_UNGUARDED_AVAILABILITY = YES_AGGRESSIVE;
				CLANG_WARN_UNREACHABLE_CODE = YES;
				CLANG_WARN__DUPLICATE_METHOD_MATCH = YES;
				COPY_PHASE_STRIP = NO;
				DEBUG_INFORMATION_FORMAT = "dwarf-with-dsym";
				ENABLE_NS_ASSERTIONS = NO;
				ENABLE_STRICT_OBJC_MSGSEND = YES;
				ENABLE_USER_SCRIPT_SANDBOXING = YES;
				GCC_C_LANGUAGE_STANDARD = gnu17;
				GCC_NO_COMMON_BLOCKS = YES;
				GCC_WARN_64_TO_32_BIT_CONVERSION = YES;
				GCC_WARN_ABOUT_RETURN_TYPE = YES_ERROR;
				GCC_WARN_UNDECLARED_SELECTOR = YES;
				GCC_WARN_UNINITIALIZED_AUTOS = YES_AGGRESSIVE;
				GCC_WARN_UNUSED_FUNCTION = YES;
				GCC_WARN_UNUSED_VARIABLE = YES;
				IPHONEOS_DEPLOYMENT_TARGET = 17.2;
				LOCALIZATION_PREFERS_STRING_CATALOGS = YES;
				MTL_ENABLE_DEBUG_INFO = NO;
				MTL_FAST_MATH = YES;
				SDKROOT = iphoneos;
				SWIFT_COMPILATION_MODE = wholemodule;
				VALIDATE_PRODUCT = YES;
			};
			name = Release;
		};
		3DC4CF522B6C596300848B36 /* Debug */ = {
			isa = XCBuildConfiguration;
			buildSettings = {
				ASSETCATALOG_COMPILER_APPICON_NAME = AppIcon;
				ASSETCATALOG_COMPILER_GLOBAL_ACCENT_COLOR_NAME = AccentColor;
				CODE_SIGN_STYLE = Automatic;
				CURRENT_PROJECT_VERSION = 1;
				DEVELOPMENT_ASSET_PATHS = "\"TimeChisel/Preview Content\"";
				DEVELOPMENT_TEAM = 74X46VET5K;
				ENABLE_PREVIEWS = YES;
				GENERATE_INFOPLIST_FILE = YES;
				INFOPLIST_KEY_LSApplicationCategoryType = "public.app-category.business";
				INFOPLIST_KEY_UIApplicationSceneManifest_Generation = YES;
				INFOPLIST_KEY_UIApplicationSupportsIndirectInputEvents = YES;
				INFOPLIST_KEY_UILaunchScreen_Generation = YES;
				INFOPLIST_KEY_UISupportedInterfaceOrientations = UIInterfaceOrientationPortrait;
				INFOPLIST_KEY_UISupportedInterfaceOrientations_iPad = "UIInterfaceOrientationLandscapeLeft UIInterfaceOrientationLandscapeRight UIInterfaceOrientationPortrait UIInterfaceOrientationPortraitUpsideDown";
				LD_RUNPATH_SEARCH_PATHS = (
					"$(inherited)",
					"@executable_path/Frameworks",
				);
				MARKETING_VERSION = 1.0;
				PRODUCT_BUNDLE_IDENTIFIER = com.karstenkrause.TimeChisel;
				PRODUCT_NAME = "$(TARGET_NAME)";
				SUPPORTED_PLATFORMS = "iphoneos iphonesimulator";
				SUPPORTS_MACCATALYST = NO;
				SUPPORTS_MAC_DESIGNED_FOR_IPHONE_IPAD = NO;
				SUPPORTS_XR_DESIGNED_FOR_IPHONE_IPAD = NO;
				SWIFT_EMIT_LOC_STRINGS = YES;
				SWIFT_VERSION = 5.0;
				TARGETED_DEVICE_FAMILY = 1;
			};
			name = Debug;
		};
		3DC4CF532B6C596300848B36 /* Release */ = {
			isa = XCBuildConfiguration;
			buildSettings = {
				ASSETCATALOG_COMPILER_APPICON_NAME = AppIcon;
				ASSETCATALOG_COMPILER_GLOBAL_ACCENT_COLOR_NAME = AccentColor;
				CODE_SIGN_STYLE = Automatic;
				CURRENT_PROJECT_VERSION = 1;
				DEVELOPMENT_ASSET_PATHS = "\"TimeChisel/Preview Content\"";
				DEVELOPMENT_TEAM = 74X46VET5K;
				ENABLE_PREVIEWS = YES;
				GENERATE_INFOPLIST_FILE = YES;
				INFOPLIST_KEY_LSApplicationCategoryType = "public.app-category.business";
				INFOPLIST_KEY_UIApplicationSceneManifest_Generation = YES;
				INFOPLIST_KEY_UIApplicationSupportsIndirectInputEvents = YES;
				INFOPLIST_KEY_UILaunchScreen_Generation = YES;
				INFOPLIST_KEY_UISupportedInterfaceOrientations = UIInterfaceOrientationPortrait;
				INFOPLIST_KEY_UISupportedInterfaceOrientations_iPad = "UIInterfaceOrientationLandscapeLeft UIInterfaceOrientationLandscapeRight UIInterfaceOrientationPortrait UIInterfaceOrientationPortraitUpsideDown";
				LD_RUNPATH_SEARCH_PATHS = (
					"$(inherited)",
					"@executable_path/Frameworks",
				);
				MARKETING_VERSION = 1.0;
				PRODUCT_BUNDLE_IDENTIFIER = com.karstenkrause.TimeChisel;
				PRODUCT_NAME = "$(TARGET_NAME)";
				SUPPORTED_PLATFORMS = "iphoneos iphonesimulator";
				SUPPORTS_MACCATALYST = NO;
				SUPPORTS_MAC_DESIGNED_FOR_IPHONE_IPAD = NO;
				SUPPORTS_XR_DESIGNED_FOR_IPHONE_IPAD = NO;
				SWIFT_EMIT_LOC_STRINGS = YES;
				SWIFT_VERSION = 5.0;
				TARGETED_DEVICE_FAMILY = 1;
			};
			name = Release;
		};
/* End XCBuildConfiguration section */

/* Begin XCConfigurationList section */
		3DC4CF3E2B6C596200848B36 /* Build configuration list for PBXProject "TimeChisel" */ = {
			isa = XCConfigurationList;
			buildConfigurations = (
				3DC4CF4F2B6C596300848B36 /* Debug */,
				3DC4CF502B6C596300848B36 /* Release */,
			);
			defaultConfigurationIsVisible = 0;
			defaultConfigurationName = Release;
		};
		3DC4CF512B6C596300848B36 /* Build configuration list for PBXNativeTarget "TimeChisel" */ = {
			isa = XCConfigurationList;
			buildConfigurations = (
				3DC4CF522B6C596300848B36 /* Debug */,
				3DC4CF532B6C596300848B36 /* Release */,
			);
			defaultConfigurationIsVisible = 0;
			defaultConfigurationName = Release;
		};
/* End XCConfigurationList section */
	};
	rootObject = 3DC4CF3B2B6C596200848B36 /* Project object */;
}
